
Microsoft Visual Studio Solution File, Format Version 12.00
# Visual Studio 15
VisualStudioVersion = 15.0.26124.0
MinimumVisualStudioVersion = 15.0.26124.0
Project("{FAE04EC0-301F-11D3-BF4B-00C04F79EFBC}") = "SqlParser.Console", "SqlParser.Console\SqlParser.Console.csproj", "{BDBE868D-245C-460B-8FC2-DD64F5EA2792}"
EndProject
Project("{FAE04EC0-301F-11D3-BF4B-00C04F79EFBC}") = "SqlParser.Lib", "SqlParser.Lib\SqlParser.Lib.csproj", "{3FC2AB96-3521-47D1-9196-30950E517B6B}"
EndProject
Project("{FAE04EC0-301F-11D3-BF4B-00C04F79EFBC}") = "SqlParser.Lib.Tests", "SqlParser.Lib.Tests\SqlParser.Lib.Tests.csproj", "{25B28FD9-2A5C-4DC4-B7FA-3868FA71A08B}"
EndProject
Global
	GlobalSection(SolutionConfigurationPlatforms) = preSolution
		Debug|Any CPU = Debug|Any CPU
		Debug|x64 = Debug|x64
		Debug|x86 = Debug|x86
		Release|Any CPU = Release|Any CPU
		Release|x64 = Release|x64
		Release|x86 = Release|x86
	EndGlobalSection
	GlobalSection(SolutionProperties) = preSolution
		HideSolutionNode = FALSE
	EndGlobalSection
	GlobalSection(ProjectConfigurationPlatforms) = postSolution
		{BDBE868D-245C-460B-8FC2-DD64F5EA2792}.Debug|Any CPU.ActiveCfg = Debug|Any CPU
		{BDBE868D-245C-460B-8FC2-DD64F5EA2792}.Debug|Any CPU.Build.0 = Debug|Any CPU
		{BDBE868D-245C-460B-8FC2-DD64F5EA2792}.Debug|x64.ActiveCfg = Debug|Any CPU
		{BDBE868D-245C-460B-8FC2-DD64F5EA2792}.Debug|x64.Build.0 = Debug|Any CPU
		{BDBE868D-245C-460B-8FC2-DD64F5EA2792}.Debug|x86.ActiveCfg = Debug|Any CPU
		{BDBE868D-245C-460B-8FC2-DD64F5EA2792}.Debug|x86.Build.0 = Debug|Any CPU
		{BDBE868D-245C-460B-8FC2-DD64F5EA2792}.Release|Any CPU.ActiveCfg = Release|Any CPU
		{BDBE868D-245C-460B-8FC2-DD64F5EA2792}.Release|Any CPU.Build.0 = Release|Any CPU
		{BDBE868D-245C-460B-8FC2-DD64F5EA2792}.Release|x64.ActiveCfg = Release|Any CPU
		{BDBE868D-245C-460B-8FC2-DD64F5EA2792}.Release|x64.Build.0 = Release|Any CPU
		{BDBE868D-245C-460B-8FC2-DD64F5EA2792}.Release|x86.ActiveCfg = Release|Any CPU
		{BDBE868D-245C-460B-8FC2-DD64F5EA2792}.Release|x86.Build.0 = Release|Any CPU
		{3FC2AB96-3521-47D1-9196-30950E517B6B}.Debug|Any CPU.ActiveCfg = Debug|Any CPU
		{3FC2AB96-3521-47D1-9196-30950E517B6B}.Debug|Any CPU.Build.0 = Debug|Any CPU
		{3FC2AB96-3521-47D1-9196-30950E517B6B}.Debug|x64.ActiveCfg = Debug|Any CPU
		{3FC2AB96-3521-47D1-9196-30950E517B6B}.Debug|x64.Build.0 = Debug|Any CPU
		{3FC2AB96-3521-47D1-9196-30950E517B6B}.Debug|x86.ActiveCfg = Debug|Any CPU
		{3FC2AB96-3521-47D1-9196-30950E517B6B}.Debug|x86.Build.0 = Debug|Any CPU
		{3FC2AB96-3521-47D1-9196-30950E517B6B}.Release|Any CPU.ActiveCfg = Release|Any CPU
		{3FC2AB96-3521-47D1-9196-30950E517B6B}.Release|Any CPU.Build.0 = Release|Any CPU
		{3FC2AB96-3521-47D1-9196-30950E517B6B}.Release|x64.ActiveCfg = Release|Any CPU
		{3FC2AB96-3521-47D1-9196-30950E517B6B}.Release|x64.Build.0 = Release|Any CPU
		{3FC2AB96-3521-47D1-9196-30950E517B6B}.Release|x86.ActiveCfg = Release|Any CPU
		{3FC2AB96-3521-47D1-9196-30950E517B6B}.Release|x86.Build.0 = Release|Any CPU
		{25B28FD9-2A5C-4DC4-B7FA-3868FA71A08B}.Debug|Any CPU.ActiveCfg = Debug|Any CPU
		{25B28FD9-2A5C-4DC4-B7FA-3868FA71A08B}.Debug|Any CPU.Build.0 = Debug|Any CPU
		{25B28FD9-2A5C-4DC4-B7FA-3868FA71A08B}.Debug|x64.ActiveCfg = Debug|Any CPU
		{25B28FD9-2A5C-4DC4-B7FA-3868FA71A08B}.Debug|x64.Build.0 = Debug|Any CPU
		{25B28FD9-2A5C-4DC4-B7FA-3868FA71A08B}.Debug|x86.ActiveCfg = Debug|Any CPU
		{25B28FD9-2A5C-4DC4-B7FA-3868FA71A08B}.Debug|x86.Build.0 = Debug|Any CPU
		{25B28FD9-2A5C-4DC4-B7FA-3868FA71A08B}.Release|Any CPU.ActiveCfg = Release|Any CPU
		{25B28FD9-2A5C-4DC4-B7FA-3868FA71A08B}.Release|Any CPU.Build.0 = Release|Any CPU
		{25B28FD9-2A5C-4DC4-B7FA-3868FA71A08B}.Release|x64.ActiveCfg = Release|Any CPU
		{25B28FD9-2A5C-4DC4-B7FA-3868FA71A08B}.Release|x64.Build.0 = Release|Any CPU
		{25B28FD9-2A5C-4DC4-B7FA-3868FA71A08B}.Release|x86.ActiveCfg = Release|Any CPU
		{25B28FD9-2A5C-4DC4-B7FA-3868FA71A08B}.Release|x86.Build.0 = Release|Any CPU
	EndGlobalSection
EndGlobal
